
Microsoft Visual Studio Solution File, Format Version 12.00
# Visual Studio Version 17
VisualStudioVersion = 17.11.35327.3
MinimumVisualStudioVersion = 10.0.40219.1
Project("{9A19103F-16F7-4668-BE54-9A1E7A4F7556}") = "InventoryMan.API", "InventoryMan.API\InventoryMan.API.csproj", "{DDE74548-D792-4EC2-8D7B-18EAD6DF4D98}"
EndProject
Project("{9A19103F-16F7-4668-BE54-9A1E7A4F7556}") = "InventoryMan.Application", "InventoryMan.Application\InventoryMan.Application.csproj", "{59E6CCB0-D626-4DB7-B46E-65C110893AE9}"
EndProject
Project("{9A19103F-16F7-4668-BE54-9A1E7A4F7556}") = "InventoryMan.Core", "InventoryMan.Core\InventoryMan.Core.csproj", "{70170146-9DE3-442F-B67D-EE452F5BE338}"
EndProject
Project("{9A19103F-16F7-4668-BE54-9A1E7A4F7556}") = "InventoryMan.Infrastructure", "InventoryMan.Infrastructure\InventoryMan.Infrastructure.csproj", "{97D12436-8439-4474-AF33-6E89490BDE79}"
EndProject
Project("{9A19103F-16F7-4668-BE54-9A1E7A4F7556}") = "InventoryMan.Application.UnitTests", "InventoryMan.Application.UnitTests\InventoryMan.Application.UnitTests.csproj", "{B8358EEE-B8B1-4A04-8596-F5968F326F92}"
EndProject
Project("{2150E333-8FDC-42A3-9474-1A3956D46DE8}") = "tests", "tests", "{6FDF2E17-9A2F-4C9F-8425-072F79972D96}"
	ProjectSection(SolutionItems) = preProject
		load-test.js = load-test.js
	EndProjectSection
EndProject
Project("{2150E333-8FDC-42A3-9474-1A3956D46DE8}") = "src", "src", "{4383A5E5-8DB2-4A86-A430-9524C4C34A3A}"
	ProjectSection(SolutionItems) = preProject
		docker-compose.yaml = docker-compose.yaml
	EndProjectSection
EndProject
Project("{9A19103F-16F7-4668-BE54-9A1E7A4F7556}") = "InventoryMan.Infrastructure.UnitTests", "InventoryMan.Infrastructure.UnitTests\InventoryMan.Infrastructure.UnitTests.csproj", "{6FA8F787-09CD-445C-9496-7CD47EF7353E}"
EndProject
Project("{9A19103F-16F7-4668-BE54-9A1E7A4F7556}") = "InventoryMan.IntegrationTests", "InventoryMan.IntegrationTests\InventoryMan.IntegrationTests.csproj", "{2C2A7417-C108-4942-8446-61ECA6AB6740}"
EndProject
Global
	GlobalSection(SolutionConfigurationPlatforms) = preSolution
		Debug|Any CPU = Debug|Any CPU
		Release|Any CPU = Release|Any CPU
	EndGlobalSection
	GlobalSection(ProjectConfigurationPlatforms) = postSolution
		{DDE74548-D792-4EC2-8D7B-18EAD6DF4D98}.Debug|Any CPU.ActiveCfg = Debug|Any CPU
		{DDE74548-D792-4EC2-8D7B-18EAD6DF4D98}.Debug|Any CPU.Build.0 = Debug|Any CPU
		{DDE74548-D792-4EC2-8D7B-18EAD6DF4D98}.Release|Any CPU.ActiveCfg = Release|Any CPU
		{DDE74548-D792-4EC2-8D7B-18EAD6DF4D98}.Release|Any CPU.Build.0 = Release|Any CPU
		{59E6CCB0-D626-4DB7-B46E-65C110893AE9}.Debug|Any CPU.ActiveCfg = Debug|Any CPU
		{59E6CCB0-D626-4DB7-B46E-65C110893AE9}.Debug|Any CPU.Build.0 = Debug|Any CPU
		{59E6CCB0-D626-4DB7-B46E-65C110893AE9}.Release|Any CPU.ActiveCfg = Release|Any CPU
		{59E6CCB0-D626-4DB7-B46E-65C110893AE9}.Release|Any CPU.Build.0 = Release|Any CPU
		{70170146-9DE3-442F-B67D-EE452F5BE338}.Debug|Any CPU.ActiveCfg = Debug|Any CPU
		{70170146-9DE3-442F-B67D-EE452F5BE338}.Debug|Any CPU.Build.0 = Debug|Any CPU
		{70170146-9DE3-442F-B67D-EE452F5BE338}.Release|Any CPU.ActiveCfg = Release|Any CPU
		{70170146-9DE3-442F-B67D-EE452F5BE338}.Release|Any CPU.Build.0 = Release|Any CPU
		{97D12436-8439-4474-AF33-6E89490BDE79}.Debug|Any CPU.ActiveCfg = Debug|Any CPU
		{97D12436-8439-4474-AF33-6E89490BDE79}.Debug|Any CPU.Build.0 = Debug|Any CPU
		{97D12436-8439-4474-AF33-6E89490BDE79}.Release|Any CPU.ActiveCfg = Release|Any CPU
		{97D12436-8439-4474-AF33-6E89490BDE79}.Release|Any CPU.Build.0 = Release|Any CPU
		{B8358EEE-B8B1-4A04-8596-F5968F326F92}.Debug|Any CPU.ActiveCfg = Debug|Any CPU
		{B8358EEE-B8B1-4A04-8596-F5968F326F92}.Debug|Any CPU.Build.0 = Debug|Any CPU
		{B8358EEE-B8B1-4A04-8596-F5968F326F92}.Release|Any CPU.ActiveCfg = Release|Any CPU
		{B8358EEE-B8B1-4A04-8596-F5968F326F92}.Release|Any CPU.Build.0 = Release|Any CPU
		{6FA8F787-09CD-445C-9496-7CD47EF7353E}.Debug|Any CPU.ActiveCfg = Debug|Any CPU
		{6FA8F787-09CD-445C-9496-7CD47EF7353E}.Debug|Any CPU.Build.0 = Debug|Any CPU
		{6FA8F787-09CD-445C-9496-7CD47EF7353E}.Release|Any CPU.ActiveCfg = Release|Any CPU
		{6FA8F787-09CD-445C-9496-7CD47EF7353E}.Release|Any CPU.Build.0 = Release|Any CPU
		{2C2A7417-C108-4942-8446-61ECA6AB6740}.Debug|Any CPU.ActiveCfg = Debug|Any CPU
		{2C2A7417-C108-4942-8446-61ECA6AB6740}.Debug|Any CPU.Build.0 = Debug|Any CPU
		{2C2A7417-C108-4942-8446-61ECA6AB6740}.Release|Any CPU.ActiveCfg = Release|Any CPU
		{2C2A7417-C108-4942-8446-61ECA6AB6740}.Release|Any CPU.Build.0 = Release|Any CPU
	EndGlobalSection
	GlobalSection(SolutionProperties) = preSolution
		HideSolutionNode = FALSE
	EndGlobalSection
	GlobalSection(NestedProjects) = preSolution
		{DDE74548-D792-4EC2-8D7B-18EAD6DF4D98} = {4383A5E5-8DB2-4A86-A430-9524C4C34A3A}
		{59E6CCB0-D626-4DB7-B46E-65C110893AE9} = {4383A5E5-8DB2-4A86-A430-9524C4C34A3A}
		{70170146-9DE3-442F-B67D-EE452F5BE338} = {4383A5E5-8DB2-4A86-A430-9524C4C34A3A}
		{97D12436-8439-4474-AF33-6E89490BDE79} = {4383A5E5-8DB2-4A86-A430-9524C4C34A3A}
		{B8358EEE-B8B1-4A04-8596-F5968F326F92} = {6FDF2E17-9A2F-4C9F-8425-072F79972D96}
		{6FA8F787-09CD-445C-9496-7CD47EF7353E} = {6FDF2E17-9A2F-4C9F-8425-072F79972D96}
		{2C2A7417-C108-4942-8446-61ECA6AB6740} = {6FDF2E17-9A2F-4C9F-8425-072F79972D96}
	EndGlobalSection
	GlobalSection(ExtensibilityGlobals) = postSolution
		SolutionGuid = {EC3C489A-EF40-47C9-9C63-CE63E4316190}
	EndGlobalSection
EndGlobal
